
Microsoft Visual Studio Solution File, Format Version 12.00
# Visual Studio Version 17
VisualStudioVersion = 17.1.32328.378
MinimumVisualStudioVersion = 10.0.40219.1
Project("{9A19103F-16F7-4668-BE54-9A1E7A4F7556}") = "TestTaskConsoleApp", "TestTaskConsoleApp.csproj", "{1A0CF38D-9545-43A6-A28E-B73D9D4351EB}"
EndProject
Project("{9A19103F-16F7-4668-BE54-9A1E7A4F7556}") = "TestTaskConsoleApp.Tests", "..\TestTaskConsoleApp.Tests\TestTaskConsoleApp.Tests.csproj", "{9107D59B-D570-416A-ACA3-ABD1134AB6CE}"
EndProject
Global
	GlobalSection(SolutionConfigurationPlatforms) = preSolution
		Debug|Any CPU = Debug|Any CPU
		Release|Any CPU = Release|Any CPU
	EndGlobalSection
	GlobalSection(ProjectConfigurationPlatforms) = postSolution
		{1A0CF38D-9545-43A6-A28E-B73D9D4351EB}.Debug|Any CPU.ActiveCfg = Debug|Any CPU
		{1A0CF38D-9545-43A6-A28E-B73D9D4351EB}.Debug|Any CPU.Build.0 = Debug|Any CPU
		{1A0CF38D-9545-43A6-A28E-B73D9D4351EB}.Release|Any CPU.ActiveCfg = Release|Any CPU
		{1A0CF38D-9545-43A6-A28E-B73D9D4351EB}.Release|Any CPU.Build.0 = Release|Any CPU
		{9107D59B-D570-416A-ACA3-ABD1134AB6CE}.Debug|Any CPU.ActiveCfg = Debug|Any CPU
		{9107D59B-D570-416A-ACA3-ABD1134AB6CE}.Debug|Any CPU.Build.0 = Debug|Any CPU
		{9107D59B-D570-416A-ACA3-ABD1134AB6CE}.Release|Any CPU.ActiveCfg = Release|Any CPU
		{9107D59B-D570-416A-ACA3-ABD1134AB6CE}.Release|Any CPU.Build.0 = Release|Any CPU
	EndGlobalSection
	GlobalSection(SolutionProperties) = preSolution
		HideSolutionNode = FALSE
	EndGlobalSection
	GlobalSection(ExtensibilityGlobals) = postSolution
		SolutionGuid = {CF4735CB-649D-47F8-A7DD-0ED6B6EA454E}
	EndGlobalSection
EndGlobal
